
Microsoft Visual Studio Solution File, Format Version 12.00
# Visual Studio 15
VisualStudioVersion = 15.0.27004.2005
MinimumVisualStudioVersion = 10.0.40219.1
Project("{9A19103F-16F7-4668-BE54-9A1E7A4F7556}") = "HPlusSportsAPI", "HPlusSportsAPI\HPlusSportsAPI.csproj", "{5E7B3BCB-53A5-42EA-9F14-3A8027079E1B}"
EndProject
Project("{FAE04EC0-301F-11D3-BF4B-00C04F79EFBC}") = "HPlusSports.tests", "HPlusSports.tests\HPlusSports.tests.csproj", "{AEB39E51-FCAC-4008-B25A-ED0A73FB4FCD}"
EndProject
Global
	GlobalSection(SolutionConfigurationPlatforms) = preSolution
		Debug|Any CPU = Debug|Any CPU
		Release|Any CPU = Release|Any CPU
	EndGlobalSection
	GlobalSection(ProjectConfigurationPlatforms) = postSolution
		{5E7B3BCB-53A5-42EA-9F14-3A8027079E1B}.Debug|Any CPU.ActiveCfg = Debug|Any CPU
		{5E7B3BCB-53A5-42EA-9F14-3A8027079E1B}.Debug|Any CPU.Build.0 = Debug|Any CPU
		{5E7B3BCB-53A5-42EA-9F14-3A8027079E1B}.Release|Any CPU.ActiveCfg = Release|Any CPU
		{5E7B3BCB-53A5-42EA-9F14-3A8027079E1B}.Release|Any CPU.Build.0 = Release|Any CPU
		{AEB39E51-FCAC-4008-B25A-ED0A73FB4FCD}.Debug|Any CPU.ActiveCfg = Debug|Any CPU
		{AEB39E51-FCAC-4008-B25A-ED0A73FB4FCD}.Debug|Any CPU.Build.0 = Debug|Any CPU
		{AEB39E51-FCAC-4008-B25A-ED0A73FB4FCD}.Release|Any CPU.ActiveCfg = Release|Any CPU
		{AEB39E51-FCAC-4008-B25A-ED0A73FB4FCD}.Release|Any CPU.Build.0 = Release|Any CPU
	EndGlobalSection
	GlobalSection(SolutionProperties) = preSolution
		HideSolutionNode = FALSE
	EndGlobalSection
	GlobalSection(ExtensibilityGlobals) = postSolution
		SolutionGuid = {739FF721-A39C-4DCD-AC03-60A894433D05}
	EndGlobalSection
EndGlobal
